
Microsoft Visual Studio Solution File, Format Version 12.00
# Visual Studio Version 17
VisualStudioVersion = 17.8.34525.116
MinimumVisualStudioVersion = 10.0.40219.1
Project("{FAE04EC0-301F-11D3-BF4B-00C04F79EFBC}") = "money_tracking_school_work", "money_tracking_school_work\money_tracking_school_work.csproj", "{EF7328BD-36E4-4140-88E0-E3644129D5CC}"
EndProject
Global
	GlobalSection(SolutionConfigurationPlatforms) = preSolution
		Debug|Any CPU = Debug|Any CPU
		Release|Any CPU = Release|Any CPU
	EndGlobalSection
	GlobalSection(ProjectConfigurationPlatforms) = postSolution
		{EF7328BD-36E4-4140-88E0-E3644129D5CC}.Debug|Any CPU.ActiveCfg = Debug|Any CPU
		{EF7328BD-36E4-4140-88E0-E3644129D5CC}.Debug|Any CPU.Build.0 = Debug|Any CPU
		{EF7328BD-36E4-4140-88E0-E3644129D5CC}.Release|Any CPU.ActiveCfg = Release|Any CPU
		{EF7328BD-36E4-4140-88E0-E3644129D5CC}.Release|Any CPU.Build.0 = Release|Any CPU
	EndGlobalSection
	GlobalSection(SolutionProperties) = preSolution
		HideSolutionNode = FALSE
	EndGlobalSection
	GlobalSection(ExtensibilityGlobals) = postSolution
		SolutionGuid = {0773D84C-FD2D-4FF8-A180-84A82B6AB246}
	EndGlobalSection
EndGlobal
